# THIS IS AN AUTOGENERATED FILE. DO NOT EDIT THIS FILE DIRECTLY.
# yarn lockfile v1


simpledotcss@^2.2.1:
  version "2.2.1"
  resolved "https://registry.yarnpkg.com/simpledotcss/-/simpledotcss-2.2.1.tgz#7151371401821b33383a533b0a077fc8cf11959b"
  integrity sha512-bEuU6rLmL8Lu6gBcn6HlslEEoHk4v8ldW3K4DOCT33e4L0Y3ExMT9DuITQ7KhRBKlKFDJ3DgAwxoGrN+0B9Jiw==
